{
  "originHash" : "3410744460d892db4e6f53d7a7dd25e43531f11cf3e400f996006504360a6c0f",
  "pins" : [
    {
      "identity" : "maplibre-gl-native-distribution",
      "kind" : "remoteSourceControl",
      "location" : "https://github.com/maplibre/maplibre-gl-native-distribution.git",
      "state" : {
        "revision" : "0bec203e111b2b3243fcacdb23ba4dc164756c7b",
        "version" : "6.26.1"
      }
    }
  ],
  "version" : 3
}
